// !$*UTF8*$!
{
	archiveVersion = 1;
	classes = {
	};
	objectVersion = 48;
	objects = {

/* Begin PBXBuildFile section */
		1788592E1F8278000027D781 /* WeatherModel.swift in Sources */ = {isa = PBXBuildFile; fileRef = 1788592D1F8278000027D781 /* WeatherModel.swift */; };
		1788C3C81F7F7E6B00634638 /* WeatherEntity.swift in Sources */ = {isa = PBXBuildFile; fileRef = 1788C3C71F7F7E6B00634638 /* WeatherEntity.swift */; };
		1788C3CB1F7F8D2B00634638 /* WeatherViewCell.swift in Sources */ = {isa = PBXBuildFile; fileRef = 1788C3C91F7F8D2B00634638 /* WeatherViewCell.swift */; };
		1788C3CC1F7F8D2B00634638 /* WeatherViewCell.xib in Resources */ = {isa = PBXBuildFile; fileRef = 1788C3CA1F7F8D2B00634638 /* WeatherViewCell.xib */; };
		1788C3D21F813C0900634638 /* WeatherDetailViewController.swift in Sources */ = {isa = PBXBuildFile; fileRef = 1788C3D01F813C0900634638 /* WeatherDetailViewController.swift */; };
		1788C3D31F813C0900634638 /* WeatherDetailViewController.xib in Resources */ = {isa = PBXBuildFile; fileRef = 1788C3D11F813C0900634638 /* WeatherDetailViewController.xib */; };
		1788C3D61F82492D00634638 /* WeatherDetailViewPresenter.swift in Sources */ = {isa = PBXBuildFile; fileRef = 1788C3D51F82492D00634638 /* WeatherDetailViewPresenter.swift */; };
		17E002121F8292A600C0AD4D /* Alamofire.framework in Frameworks */ = {isa = PBXBuildFile; fileRef = 17E002141F8292A600C0AD4D /* Alamofire.framework */; };
		17E002131F8292A600C0AD4D /* SwiftyJSON.framework in Frameworks */ = {isa = PBXBuildFile; fileRef = 17E002151F8292A600C0AD4D /* SwiftyJSON.framework */; };
		17E002171F82A46100C0AD4D /* API.swift in Sources */ = {isa = PBXBuildFile; fileRef = 17E002161F82A46100C0AD4D /* API.swift */; };
		17FF03A71F7BF2080010FF72 /* AppDelegate.swift in Sources */ = {isa = PBXBuildFile; fileRef = 17FF03A61F7BF2080010FF72 /* AppDelegate.swift */; };
		17FF03AE1F7BF2080010FF72 /* Assets.xcassets in Resources */ = {isa = PBXBuildFile; fileRef = 17FF03AD1F7BF2080010FF72 /* Assets.xcassets */; };
		17FF03BC1F7BF2080010FF72 /* mvp_pracTests.swift in Sources */ = {isa = PBXBuildFile; fileRef = 17FF03BB1F7BF2080010FF72 /* mvp_pracTests.swift */; };
		17FF03C71F7BF2080010FF72 /* mvp_pracUITests.swift in Sources */ = {isa = PBXBuildFile; fileRef = 17FF03C61F7BF2080010FF72 /* mvp_pracUITests.swift */; };
		17FF03D61F7BF2A30010FF72 /* WeatherListViewController.swift in Sources */ = {isa = PBXBuildFile; fileRef = 17FF03D41F7BF2A30010FF72 /* WeatherListViewController.swift */; };
		17FF03D71F7BF2A30010FF72 /* WeatherListViewController.xib in Resources */ = {isa = PBXBuildFile; fileRef = 17FF03D51F7BF2A30010FF72 /* WeatherListViewController.xib */; };
		17FF03DD1F7BF7B20010FF72 /* WeatherListViewPresenter.swift in Sources */ = {isa = PBXBuildFile; fileRef = 17FF03DC1F7BF7B20010FF72 /* WeatherListViewPresenter.swift */; };
		A371EA78BD1F2BBE06E1F244 /* Pods_mvp_prac.framework in Frameworks */ = {isa = PBXBuildFile; fileRef = 8BF33B5AC4D4BDDF741DDA76 /* Pods_mvp_prac.framework */; };
/* End PBXBuildFile section */

/* Begin PBXContainerItemProxy section */
		17FF03B81F7BF2080010FF72 /* PBXContainerItemProxy */ = {
			isa = PBXContainerItemProxy;
			containerPortal = 17FF039B1F7BF2080010FF72 /* Project object */;
			proxyType = 1;
			remoteGlobalIDString = 17FF03A21F7BF2080010FF72;
			remoteInfo = "mvp-prac";
		};
		17FF03C31F7BF2080010FF72 /* PBXContainerItemProxy */ = {
			isa = PBXContainerItemProxy;
			containerPortal = 17FF039B1F7BF2080010FF72 /* Project object */;
			proxyType = 1;
			remoteGlobalIDString = 17FF03A21F7BF2080010FF72;
			remoteInfo = "mvp-prac";
		};
/* End PBXContainerItemProxy section */

/* Begin PBXFileReference section */
		1788592D1F8278000027D781 /* WeatherModel.swift */ = {isa = PBXFileReference; lastKnownFileType = sourcecode.swift; path = WeatherModel.swift; sourceTree = "<group>"; };
		1788C3C71F7F7E6B00634638 /* WeatherEntity.swift */ = {isa = PBXFileReference; lastKnownFileType = sourcecode.swift; path = WeatherEntity.swift; sourceTree = "<group>"; };
		1788C3C91F7F8D2B00634638 /* WeatherViewCell.swift */ = {isa = PBXFileReference; lastKnownFileType = sourcecode.swift; path = WeatherViewCell.swift; sourceTree = "<group>"; };
		1788C3CA1F7F8D2B00634638 /* WeatherViewCell.xib */ = {isa = PBXFileReference; lastKnownFileType = file.xib; path = WeatherViewCell.xib; sourceTree = "<group>"; };
		1788C3D01F813C0900634638 /* WeatherDetailViewController.swift */ = {isa = PBXFileReference; lastKnownFileType = sourcecode.swift; path = WeatherDetailViewController.swift; sourceTree = "<group>"; };
		1788C3D11F813C0900634638 /* WeatherDetailViewController.xib */ = {isa = PBXFileReference; lastKnownFileType = file.xib; path = WeatherDetailViewController.xib; sourceTree = "<group>"; };
		1788C3D51F82492D00634638 /* WeatherDetailViewPresenter.swift */ = {isa = PBXFileReference; lastKnownFileType = sourcecode.swift; path = WeatherDetailViewPresenter.swift; sourceTree = "<group>"; };
		17E002141F8292A600C0AD4D /* Alamofire.framework */ = {isa = PBXFileReference; explicitFileType = wrapper.framework; path = Alamofire.framework; sourceTree = BUILT_PRODUCTS_DIR; };
		17E002151F8292A600C0AD4D /* SwiftyJSON.framework */ = {isa = PBXFileReference; explicitFileType = wrapper.framework; path = SwiftyJSON.framework; sourceTree = BUILT_PRODUCTS_DIR; };
		17E002161F82A46100C0AD4D /* API.swift */ = {isa = PBXFileReference; lastKnownFileType = sourcecode.swift; path = API.swift; sourceTree = "<group>"; };
		17FF03A31F7BF2080010FF72 /* mvp-prac.app */ = {isa = PBXFileReference; explicitFileType = wrapper.application; includeInIndex = 0; path = "mvp-prac.app"; sourceTree = BUILT_PRODUCTS_DIR; };
		17FF03A61F7BF2080010FF72 /* AppDelegate.swift */ = {isa = PBXFileReference; lastKnownFileType = sourcecode.swift; path = AppDelegate.swift; sourceTree = "<group>"; };
		17FF03AD1F7BF2080010FF72 /* Assets.xcassets */ = {isa = PBXFileReference; lastKnownFileType = folder.assetcatalog; path = Assets.xcassets; sourceTree = "<group>"; };
		17FF03B21F7BF2080010FF72 /* Info.plist */ = {isa = PBXFileReference; lastKnownFileType = text.plist.xml; path = Info.plist; sourceTree = "<group>"; };
		17FF03B71F7BF2080010FF72 /* mvp-pracTests.xctest */ = {isa = PBXFileReference; explicitFileType = wrapper.cfbundle; includeInIndex = 0; path = "mvp-pracTests.xctest"; sourceTree = BUILT_PRODUCTS_DIR; };
		17FF03BB1F7BF2080010FF72 /* mvp_pracTests.swift */ = {isa = PBXFileReference; lastKnownFileType = sourcecode.swift; path = mvp_pracTests.swift; sourceTree = "<group>"; };
		17FF03BD1F7BF2080010FF72 /* Info.plist */ = {isa = PBXFileReference; lastKnownFileType = text.plist.xml; path = Info.plist; sourceTree = "<group>"; };
		17FF03C21F7BF2080010FF72 /* mvp-pracUITests.xctest */ = {isa = PBXFileReference; explicitFileType = wrapper.cfbundle; includeInIndex = 0; path = "mvp-pracUITests.xctest"; sourceTree = BUILT_PRODUCTS_DIR; };
		17FF03C61F7BF2080010FF72 /* mvp_pracUITests.swift */ = {isa = PBXFileReference; lastKnownFileType = sourcecode.swift; path = mvp_pracUITests.swift; sourceTree = "<group>"; };
		17FF03C81F7BF2080010FF72 /* Info.plist */ = {isa = PBXFileReference; lastKnownFileType = text.plist.xml; path = Info.plist; sourceTree = "<group>"; };
		17FF03D41F7BF2A30010FF72 /* WeatherListViewController.swift */ = {isa = PBXFileReference; lastKnownFileType = sourcecode.swift; path = WeatherListViewController.swift; sourceTree = "<group>"; };
		17FF03D51F7BF2A30010FF72 /* WeatherListViewController.xib */ = {isa = PBXFileReference; lastKnownFileType = file.xib; path = WeatherListViewController.xib; sourceTree = "<group>"; };
		17FF03DC1F7BF7B20010FF72 /* WeatherListViewPresenter.swift */ = {isa = PBXFileReference; lastKnownFileType = sourcecode.swift; path = WeatherListViewPresenter.swift; sourceTree = "<group>"; };
		7B7C0431A47CE0809CBCC71D /* Pods-mvp-prac.release.xcconfig */ = {isa = PBXFileReference; includeInIndex = 1; lastKnownFileType = text.xcconfig; name = "Pods-mvp-prac.release.xcconfig"; path = "Pods/Target Support Files/Pods-mvp-prac/Pods-mvp-prac.release.xcconfig"; sourceTree = "<group>"; };
		8BF33B5AC4D4BDDF741DDA76 /* Pods_mvp_prac.framework */ = {isa = PBXFileReference; explicitFileType = wrapper.framework; includeInIndex = 0; path = Pods_mvp_prac.framework; sourceTree = BUILT_PRODUCTS_DIR; };
		FAD5C3AD47E3E53E3BC8617D /* Pods-mvp-prac.debug.xcconfig */ = {isa = PBXFileReference; includeInIndex = 1; lastKnownFileType = text.xcconfig; name = "Pods-mvp-prac.debug.xcconfig"; path = "Pods/Target Support Files/Pods-mvp-prac/Pods-mvp-prac.debug.xcconfig"; sourceTree = "<group>"; };
/* End PBXFileReference section */

/* Begin PBXFrameworksBuildPhase section */
		17FF03A01F7BF2080010FF72 /* Frameworks */ = {
			isa = PBXFrameworksBuildPhase;
			buildActionMask = 2147483647;
			files = (
				17E002121F8292A600C0AD4D /* Alamofire.framework in Frameworks */,
				17E002131F8292A600C0AD4D /* SwiftyJSON.framework in Frameworks */,
				A371EA78BD1F2BBE06E1F244 /* Pods_mvp_prac.framework in Frameworks */,
			);
			runOnlyForDeploymentPostprocessing = 0;
		};
		17FF03B41F7BF2080010FF72 /* Frameworks */ = {
			isa = PBXFrameworksBuildPhase;
			buildActionMask = 2147483647;
			files = (
			);
			runOnlyForDeploymentPostprocessing = 0;
		};
		17FF03BF1F7BF2080010FF72 /* Frameworks */ = {
			isa = PBXFrameworksBuildPhase;
			buildActionMask = 2147483647;
			files = (
			);
			runOnlyForDeploymentPostprocessing = 0;
		};
/* End PBXFrameworksBuildPhase section */

/* Begin PBXGroup section */
		1788592C1F8277D20027D781 /* Entity */ = {
			isa = PBXGroup;
			children = (
				1788C3C71F7F7E6B00634638 /* WeatherEntity.swift */,
			);
			path = Entity;
			sourceTree = "<group>";
		};
		1788C3CD1F813AFE00634638 /* WeatherList */ = {
			isa = PBXGroup;
			children = (
				17FF03DB1F7BF3EC0010FF72 /* presenter */,
				17FF03DA1F7BF3E60010FF72 /* model */,
				17FF03D91F7BF3DD0010FF72 /* view */,
				17FF03D81F7BF3C90010FF72 /* controller */,
			);
			path = WeatherList;
			sourceTree = "<group>";
		};
		1788C3CE1F813B8200634638 /* WeatherDetail */ = {
			isa = PBXGroup;
			children = (
				1788C3D41F81EFD700634638 /* presenter */,
				1788C3CF1F813B9600634638 /* controller */,
			);
			path = WeatherDetail;
			sourceTree = "<group>";
		};
		1788C3CF1F813B9600634638 /* controller */ = {
			isa = PBXGroup;
			children = (
				1788C3D01F813C0900634638 /* WeatherDetailViewController.swift */,
				1788C3D11F813C0900634638 /* WeatherDetailViewController.xib */,
			);
			path = controller;
			sourceTree = "<group>";
		};
		1788C3D41F81EFD700634638 /* presenter */ = {
			isa = PBXGroup;
			children = (
				1788C3D51F82492D00634638 /* WeatherDetailViewPresenter.swift */,
			);
			path = presenter;
			sourceTree = "<group>";
		};
		17FF039A1F7BF2080010FF72 = {
			isa = PBXGroup;
			children = (
				17FF03A51F7BF2080010FF72 /* mvp-prac */,
				17FF03BA1F7BF2080010FF72 /* mvp-pracTests */,
				17FF03C51F7BF2080010FF72 /* mvp-pracUITests */,
				17FF03A41F7BF2080010FF72 /* Products */,
				4DB3A054BB6315B74D7EEE24 /* Pods */,
				385B219972FE4F261FD46205 /* Frameworks */,
			);
			sourceTree = "<group>";
		};
		17FF03A41F7BF2080010FF72 /* Products */ = {
			isa = PBXGroup;
			children = (
				17FF03A31F7BF2080010FF72 /* mvp-prac.app */,
				17FF03B71F7BF2080010FF72 /* mvp-pracTests.xctest */,
				17FF03C21F7BF2080010FF72 /* mvp-pracUITests.xctest */,
			);
			name = Products;
			sourceTree = "<group>";
		};
		17FF03A51F7BF2080010FF72 /* mvp-prac */ = {
			isa = PBXGroup;
			children = (
				1788C3CD1F813AFE00634638 /* WeatherList */,
				1788C3CE1F813B8200634638 /* WeatherDetail */,
				17FF03A61F7BF2080010FF72 /* AppDelegate.swift */,
				17FF03AD1F7BF2080010FF72 /* Assets.xcassets */,
				17FF03B21F7BF2080010FF72 /* Info.plist */,
				17E002161F82A46100C0AD4D /* API.swift */,
			);
			path = "mvp-prac";
			sourceTree = "<group>";
		};
		17FF03BA1F7BF2080010FF72 /* mvp-pracTests */ = {
			isa = PBXGroup;
			children = (
				17FF03BB1F7BF2080010FF72 /* mvp_pracTests.swift */,
				17FF03BD1F7BF2080010FF72 /* Info.plist */,
			);
			path = "mvp-pracTests";
			sourceTree = "<group>";
		};
		17FF03C51F7BF2080010FF72 /* mvp-pracUITests */ = {
			isa = PBXGroup;
			children = (
				17FF03C61F7BF2080010FF72 /* mvp_pracUITests.swift */,
				17FF03C81F7BF2080010FF72 /* Info.plist */,
			);
			path = "mvp-pracUITests";
			sourceTree = "<group>";
		};
		17FF03D81F7BF3C90010FF72 /* controller */ = {
			isa = PBXGroup;
			children = (
				17FF03D41F7BF2A30010FF72 /* WeatherListViewController.swift */,
				17FF03D51F7BF2A30010FF72 /* WeatherListViewController.xib */,
			);
			path = controller;
			sourceTree = "<group>";
		};
		17FF03D91F7BF3DD0010FF72 /* view */ = {
			isa = PBXGroup;
			children = (
				1788C3C91F7F8D2B00634638 /* WeatherViewCell.swift */,
				1788C3CA1F7F8D2B00634638 /* WeatherViewCell.xib */,
			);
			path = view;
			sourceTree = "<group>";
		};
		17FF03DA1F7BF3E60010FF72 /* model */ = {
			isa = PBXGroup;
			children = (
				1788592D1F8278000027D781 /* WeatherModel.swift */,
				1788592C1F8277D20027D781 /* Entity */,
			);
			path = model;
			sourceTree = "<group>";
		};
		17FF03DB1F7BF3EC0010FF72 /* presenter */ = {
			isa = PBXGroup;
			children = (
				17FF03DC1F7BF7B20010FF72 /* WeatherListViewPresenter.swift */,
			);
			path = presenter;
			sourceTree = "<group>";
		};
		385B219972FE4F261FD46205 /* Frameworks */ = {
			isa = PBXGroup;
			children = (
				17E002141F8292A600C0AD4D /* Alamofire.framework */,
				17E002151F8292A600C0AD4D /* SwiftyJSON.framework */,
				8BF33B5AC4D4BDDF741DDA76 /* Pods_mvp_prac.framework */,
			);
			name = Frameworks;
			sourceTree = "<group>";
		};
		4DB3A054BB6315B74D7EEE24 /* Pods */ = {
			isa = PBXGroup;
			children = (
				FAD5C3AD47E3E53E3BC8617D /* Pods-mvp-prac.debug.xcconfig */,
				7B7C0431A47CE0809CBCC71D /* Pods-mvp-prac.release.xcconfig */,
			);
			name = Pods;
			sourceTree = "<group>";
		};
/* End PBXGroup section */

/* Begin PBXNativeTarget section */
		17FF03A21F7BF2080010FF72 /* mvp-prac */ = {
			isa = PBXNativeTarget;
			buildConfigurationList = 17FF03CB1F7BF2080010FF72 /* Build configuration list for PBXNativeTarget "mvp-prac" */;
			buildPhases = (
				61FD82F81DB55761CB898AF8 /* [CP] Check Pods Manifest.lock */,
				17FF039F1F7BF2080010FF72 /* Sources */,
				17FF03A01F7BF2080010FF72 /* Frameworks */,
				17FF03A11F7BF2080010FF72 /* Resources */,
				5E84967761CBE0FF6B588245 /* [CP] Embed Pods Frameworks */,
				12DC13D8F5B4AF08E1CA59EE /* [CP] Copy Pods Resources */,
			);
			buildRules = (
			);
			dependencies = (
			);
			name = "mvp-prac";
			productName = "mvp-prac";
			productReference = 17FF03A31F7BF2080010FF72 /* mvp-prac.app */;
			productType = "com.apple.product-type.application";
		};
		17FF03B61F7BF2080010FF72 /* mvp-pracTests */ = {
			isa = PBXNativeTarget;
			buildConfigurationList = 17FF03CE1F7BF2080010FF72 /* Build configuration list for PBXNativeTarget "mvp-pracTests" */;
			buildPhases = (
				17FF03B31F7BF2080010FF72 /* Sources */,
				17FF03B41F7BF2080010FF72 /* Frameworks */,
				17FF03B51F7BF2080010FF72 /* Resources */,
			);
			buildRules = (
			);
			dependencies = (
				17FF03B91F7BF2080010FF72 /* PBXTargetDependency */,
			);
			name = "mvp-pracTests";
			productName = "mvp-pracTests";
			productReference = 17FF03B71F7BF2080010FF72 /* mvp-pracTests.xctest */;
			productType = "com.apple.product-type.bundle.unit-test";
		};
		17FF03C11F7BF2080010FF72 /* mvp-pracUITests */ = {
			isa = PBXNativeTarget;
			buildConfigurationList = 17FF03D11F7BF2080010FF72 /* Build configuration list for PBXNativeTarget "mvp-pracUITests" */;
			buildPhases = (
				17FF03BE1F7BF2080010FF72 /* Sources */,
				17FF03BF1F7BF2080010FF72 /* Frameworks */,
				17FF03C01F7BF2080010FF72 /* Resources */,
			);
			buildRules = (
			);
			dependencies = (
				17FF03C41F7BF2080010FF72 /* PBXTargetDependency */,
			);
			name = "mvp-pracUITests";
			productName = "mvp-pracUITests";
			productReference = 17FF03C21F7BF2080010FF72 /* mvp-pracUITests.xctest */;
			productType = "com.apple.product-type.bundle.ui-testing";
		};
/* End PBXNativeTarget section */

/* Begin PBXProject section */
		17FF039B1F7BF2080010FF72 /* Project object */ = {
			isa = PBXProject;
			attributes = {
				LastSwiftUpdateCheck = 0900;
				LastUpgradeCheck = 0900;
				ORGANIZATIONNAME = HikaruSato;
				TargetAttributes = {
					17FF03A21F7BF2080010FF72 = {
						CreatedOnToolsVersion = 9.0;
						ProvisioningStyle = Automatic;
					};
					17FF03B61F7BF2080010FF72 = {
						CreatedOnToolsVersion = 9.0;
						ProvisioningStyle = Automatic;
						TestTargetID = 17FF03A21F7BF2080010FF72;
					};
					17FF03C11F7BF2080010FF72 = {
						CreatedOnToolsVersion = 9.0;
						ProvisioningStyle = Automatic;
						TestTargetID = 17FF03A21F7BF2080010FF72;
					};
				};
			};
			buildConfigurationList = 17FF039E1F7BF2080010FF72 /* Build configuration list for PBXProject "mvp-prac" */;
			compatibilityVersion = "Xcode 8.0";
			developmentRegion = en;
			hasScannedForEncodings = 0;
			knownRegions = (
				en,
				Base,
			);
			mainGroup = 17FF039A1F7BF2080010FF72;
			productRefGroup = 17FF03A41F7BF2080010FF72 /* Products */;
			projectDirPath = "";
			projectRoot = "";
			targets = (
				17FF03A21F7BF2080010FF72 /* mvp-prac */,
				17FF03B61F7BF2080010FF72 /* mvp-pracTests */,
				17FF03C11F7BF2080010FF72 /* mvp-pracUITests */,
			);
		};
/* End PBXProject section */

/* Begin PBXResourcesBuildPhase section */
		17FF03A11F7BF2080010FF72 /* Resources */ = {
			isa = PBXResourcesBuildPhase;
			buildActionMask = 2147483647;
			files = (
				1788C3D31F813C0900634638 /* WeatherDetailViewController.xib in Resources */,
				17FF03D71F7BF2A30010FF72 /* WeatherListViewController.xib in Resources */,
				17FF03AE1F7BF2080010FF72 /* Assets.xcassets in Resources */,
				1788C3CC1F7F8D2B00634638 /* WeatherViewCell.xib in Resources */,
			);
			runOnlyForDeploymentPostprocessing = 0;
		};
		17FF03B51F7BF2080010FF72 /* Resources */ = {
			isa = PBXResourcesBuildPhase;
			buildActionMask = 2147483647;
			files = (
			);
			runOnlyForDeploymentPostprocessing = 0;
		};
		17FF03C01F7BF2080010FF72 /* Resources */ = {
			isa = PBXResourcesBuildPhase;
			buildActionMask = 2147483647;
			files = (
			);
			runOnlyForDeploymentPostprocessing = 0;
		};
/* End PBXResourcesBuildPhase section */

/* Begin PBXShellScriptBuildPhase section */
		12DC13D8F5B4AF08E1CA59EE /* [CP] Copy Pods Resources */ = {
			isa = PBXShellScriptBuildPhase;
			buildActionMask = 2147483647;
			files = (
			);
			inputPaths = (
			);
			name = "[CP] Copy Pods Resources";
			outputPaths = (
			);
			runOnlyForDeploymentPostprocessing = 0;
			shellPath = /bin/sh;
			shellScript = "\"${SRCROOT}/Pods/Target Support Files/Pods-mvp-prac/Pods-mvp-prac-resources.sh\"\n";
			showEnvVarsInLog = 0;
		};
		5E84967761CBE0FF6B588245 /* [CP] Embed Pods Frameworks */ = {
			isa = PBXShellScriptBuildPhase;
			buildActionMask = 2147483647;
			files = (
			);
			inputPaths = (
				"${SRCROOT}/Pods/Target Support Files/Pods-mvp-prac/Pods-mvp-prac-frameworks.sh",
				"${BUILT_PRODUCTS_DIR}/Alamofire/Alamofire.framework",
				"${BUILT_PRODUCTS_DIR}/SwiftyJSON/SwiftyJSON.framework",
			);
			name = "[CP] Embed Pods Frameworks";
			outputPaths = (
				"${TARGET_BUILD_DIR}/${FRAMEWORKS_FOLDER_PATH}/Alamofire.framework",
				"${TARGET_BUILD_DIR}/${FRAMEWORKS_FOLDER_PATH}/SwiftyJSON.framework",
			);
			runOnlyForDeploymentPostprocessing = 0;
			shellPath = /bin/sh;
			shellScript = "\"${SRCROOT}/Pods/Target Support Files/Pods-mvp-prac/Pods-mvp-prac-frameworks.sh\"\n";
			showEnvVarsInLog = 0;
		};
		61FD82F81DB55761CB898AF8 /* [CP] Check Pods Manifest.lock */ = {
			isa = PBXShellScriptBuildPhase;
			buildActionMask = 2147483647;
			files = (
			);
			inputPaths = (
				"${PODS_PODFILE_DIR_PATH}/Podfile.lock",
				"${PODS_ROOT}/Manifest.lock",
			);
			name = "[CP] Check Pods Manifest.lock";
			outputPaths = (
				"$(DERIVED_FILE_DIR)/Pods-mvp-prac-checkManifestLockResult.txt",
			);
			runOnlyForDeploymentPostprocessing = 0;
			shellPath = /bin/sh;
			shellScript = "diff \"${PODS_PODFILE_DIR_PATH}/Podfile.lock\" \"${PODS_ROOT}/Manifest.lock\" > /dev/null\nif [ $? != 0 ] ; then\n    # print error to STDERR\n    echo \"error: The sandbox is not in sync with the Podfile.lock. Run 'pod install' or update your CocoaPods installation.\" >&2\n    exit 1\nfi\n# This output is used by Xcode 'outputs' to avoid re-running this script phase.\necho \"SUCCESS\" > \"${SCRIPT_OUTPUT_FILE_0}\"\n";
			showEnvVarsInLog = 0;
		};
/* End PBXShellScriptBuildPhase section */

/* Begin PBXSourcesBuildPhase section */
		17FF039F1F7BF2080010FF72 /* Sources */ = {
			isa = PBXSourcesBuildPhase;
			buildActionMask = 2147483647;
			files = (
				1788C3D21F813C0900634638 /* WeatherDetailViewController.swift in Sources */,
				17FF03DD1F7BF7B20010FF72 /* WeatherListViewPresenter.swift in Sources */,
				17FF03D61F7BF2A30010FF72 /* WeatherListViewController.swift in Sources */,
				1788C3C81F7F7E6B00634638 /* WeatherEntity.swift in Sources */,
				1788C3D61F82492D00634638 /* WeatherDetailViewPresenter.swift in Sources */,
				1788C3CB1F7F8D2B00634638 /* WeatherViewCell.swift in Sources */,
				1788592E1F8278000027D781 /* WeatherModel.swift in Sources */,
				17E002171F82A46100C0AD4D /* API.swift in Sources */,
				17FF03A71F7BF2080010FF72 /* AppDelegate.swift in Sources */,
			);
			runOnlyForDeploymentPostprocessing = 0;
		};
		17FF03B31F7BF2080010FF72 /* Sources */ = {
			isa = PBXSourcesBuildPhase;
			buildActionMask = 2147483647;
			files = (
				17FF03BC1F7BF2080010FF72 /* mvp_pracTests.swift in Sources */,
			);
			runOnlyForDeploymentPostprocessing = 0;
		};
		17FF03BE1F7BF2080010FF72 /* Sources */ = {
			isa = PBXSourcesBuildPhase;
			buildActionMask = 2147483647;
			files = (
				17FF03C71F7BF2080010FF72 /* mvp_pracUITests.swift in Sources */,
			);
			runOnlyForDeploymentPostprocessing = 0;
		};
/* End PBXSourcesBuildPhase section */

/* Begin PBXTargetDependency section */
		17FF03B91F7BF2080010FF72 /* PBXTargetDependency */ = {
			isa = PBXTargetDependency;
			target = 17FF03A21F7BF2080010FF72 /* mvp-prac */;
			targetProxy = 17FF03B81F7BF2080010FF72 /* PBXContainerItemProxy */;
		};
		17FF03C41F7BF2080010FF72 /* PBXTargetDependency */ = {
			isa = PBXTargetDependency;
			target = 17FF03A21F7BF2080010FF72 /* mvp-prac */;
			targetProxy = 17FF03C31F7BF2080010FF72 /* PBXContainerItemProxy */;
		};
/* End PBXTargetDependency section */

/* Begin XCBuildConfiguration section */
		17FF03C91F7BF2080010FF72 /* Debug */ = {
			isa = XCBuildConfiguration;
			buildSettings = {
				ALWAYS_SEARCH_USER_PATHS = NO;
				CLANG_ANALYZER_NONNULL = YES;
				CLANG_ANALYZER_NUMBER_OBJECT_CONVERSION = YES_AGGRESSIVE;
				CLANG_CXX_LANGUAGE_STANDARD = "gnu++14";
				CLANG_CXX_LIBRARY = "libc++";
				CLANG_ENABLE_MODULES = YES;
				CLANG_ENABLE_OBJC_ARC = YES;
				CLANG_WARN_BLOCK_CAPTURE_AUTORELEASING = YES;
				CLANG_WARN_BOOL_CONVERSION = YES;
				CLANG_WARN_COMMA = YES;
				CLANG_WARN_CONSTANT_CONVERSION = YES;
				CLANG_WARN_DIRECT_OBJC_ISA_USAGE = YES_ERROR;
				CLANG_WARN_DOCUMENTATION_COMMENTS = YES;
				CLANG_WARN_EMPTY_BODY = YES;
				CLANG_WARN_ENUM_CONVERSION = YES;
				CLANG_WARN_INFINITE_RECURSION = YES;
				CLANG_WARN_INT_CONVERSION = YES;
				CLANG_WARN_NON_LITERAL_NULL_CONVERSION = YES;
				CLANG_WARN_OBJC_LITERAL_CONVERSION = YES;
				CLANG_WARN_OBJC_ROOT_CLASS = YES_ERROR;
				CLANG_WARN_RANGE_LOOP_ANALYSIS = YES;
				CLANG_WARN_STRICT_PROTOTYPES = YES;
				CLANG_WARN_SUSPICIOUS_MOVE = YES;
				CLANG_WARN_UNGUARDED_AVAILABILITY = YES_AGGRESSIVE;
				CLANG_WARN_UNREACHABLE_CODE = YES;
				CLANG_WARN__DUPLICATE_METHOD_MATCH = YES;
				CODE_SIGN_IDENTITY = "iPhone Developer";
				COPY_PHASE_STRIP = NO;
				DEBUG_INFORMATION_FORMAT = dwarf;
				ENABLE_STRICT_OBJC_MSGSEND = YES;
				ENABLE_TESTABILITY = YES;
				GCC_C_LANGUAGE_STANDARD = gnu11;
				GCC_DYNAMIC_NO_PIC = NO;
				GCC_NO_COMMON_BLOCKS = YES;
				GCC_OPTIMIZATION_LEVEL = 0;
				GCC_PREPROCESSOR_DEFINITIONS = (
					"DEBUG=1",
					"$(inherited)",
				);
				GCC_WARN_64_TO_32_BIT_CONVERSION = YES;
				GCC_WARN_ABOUT_RETURN_TYPE = YES_ERROR;
				GCC_WARN_UNDECLARED_SELECTOR = YES;
				GCC_WARN_UNINITIALIZED_AUTOS = YES_AGGRESSIVE;
				GCC_WARN_UNUSED_FUNCTION = YES;
				GCC_WARN_UNUSED_VARIABLE = YES;
				IPHONEOS_DEPLOYMENT_TARGET = 11.0;
				MTL_ENABLE_DEBUG_INFO = YES;
				ONLY_ACTIVE_ARCH = YES;
				SDKROOT = iphoneos;
				SWIFT_ACTIVE_COMPILATION_CONDITIONS = DEBUG;
				SWIFT_OPTIMIZATION_LEVEL = "-Onone";
			};
			name = Debug;
		};
		17FF03CA1F7BF2080010FF72 /* Release */ = {
			isa = XCBuildConfiguration;
			buildSettings = {
				ALWAYS_SEARCH_USER_PATHS = NO;
				CLANG_ANALYZER_NONNULL = YES;
				CLANG_ANALYZER_NUMBER_OBJECT_CONVERSION = YES_AGGRESSIVE;
				CLANG_CXX_LANGUAGE_STANDARD = "gnu++14";
				CLANG_CXX_LIBRARY = "libc++";
				CLANG_ENABLE_MODULES = YES;
				CLANG_ENABLE_OBJC_ARC = YES;
				CLANG_WARN_BLOCK_CAPTURE_AUTORELEASING = YES;
				CLANG_WARN_BOOL_CONVERSION = YES;
				CLANG_WARN_COMMA = YES;
				CLANG_WARN_CONSTANT_CONVERSION = YES;
				CLANG_WARN_DIRECT_OBJC_ISA_USAGE = YES_ERROR;
				CLANG_WARN_DOCUMENTATION_COMMENTS = YES;
				CLANG_WARN_EMPTY_BODY = YES;
				CLANG_WARN_ENUM_CONVERSION = YES;
				CLANG_WARN_INFINITE_RECURSION = YES;
				CLANG_WARN_INT_CONVERSION = YES;
				CLANG_WARN_NON_LITERAL_NULL_CONVERSION = YES;
				CLANG_WARN_OBJC_LITERAL_CONVERSION = YES;
				CLANG_WARN_OBJC_ROOT_CLASS = YES_ERROR;
				CLANG_WARN_RANGE_LOOP_ANALYSIS = YES;
				CLANG_WARN_STRICT_PROTOTYPES = YES;
				CLANG_WARN_SUSPICIOUS_MOVE = YES;
				CLANG_WARN_UNGUARDED_AVAILABILITY = YES_AGGRESSIVE;
				CLANG_WARN_UNREACHABLE_CODE = YES;
				CLANG_WARN__DUPLICATE_METHOD_MATCH = YES;
				CODE_SIGN_IDENTITY = "iPhone Developer";
				COPY_PHASE_STRIP = NO;
				DEBUG_INFORMATION_FORMAT = "dwarf-with-dsym";
				ENABLE_NS_ASSERTIONS = NO;
				ENABLE_STRICT_OBJC_MSGSEND = YES;
				GCC_C_LANGUAGE_STANDARD = gnu11;
				GCC_NO_COMMON_BLOCKS = YES;
				GCC_WARN_64_TO_32_BIT_CONVERSION = YES;
				GCC_WARN_ABOUT_RETURN_TYPE = YES_ERROR;
				GCC_WARN_UNDECLARED_SELECTOR = YES;
				GCC_WARN_UNINITIALIZED_AUTOS = YES_AGGRESSIVE;
				GCC_WARN_UNUSED_FUNCTION = YES;
				GCC_WARN_UNUSED_VARIABLE = YES;
				IPHONEOS_DEPLOYMENT_TARGET = 11.0;
				MTL_ENABLE_DEBUG_INFO = NO;
				SDKROOT = iphoneos;
				SWIFT_OPTIMIZATION_LEVEL = "-Owholemodule";
				VALIDATE_PRODUCT = YES;
			};
			name = Release;
		};
		17FF03CC1F7BF2080010FF72 /* Debug */ = {
			isa = XCBuildConfiguration;
			baseConfigurationReference = FAD5C3AD47E3E53E3BC8617D /* Pods-mvp-prac.debug.xcconfig */;
			buildSettings = {
				ASSETCATALOG_COMPILER_APPICON_NAME = AppIcon;
				CODE_SIGN_STYLE = Automatic;
				DEVELOPMENT_TEAM = 8RYHZQ93KG;
				INFOPLIST_FILE = "mvp-prac/Info.plist";
				IPHONEOS_DEPLOYMENT_TARGET = 10.0;
				LD_RUNPATH_SEARCH_PATHS = "$(inherited) @executable_path/Frameworks";
				PRODUCT_BUNDLE_IDENTIFIER = "swift-1.mvp-prac";
				PRODUCT_NAME = "$(TARGET_NAME)";
				SWIFT_VERSION = 4.0;
				TARGETED_DEVICE_FAMILY = "1,2";
			};
			name = Debug;
		};
		17FF03CD1F7BF2080010FF72 /* Release */ = {
			isa = XCBuildConfiguration;
			baseConfigurationReference = 7B7C0431A47CE0809CBCC71D /* Pods-mvp-prac.release.xcconfig */;
			buildSettings = {
				ASSETCATALOG_COMPILER_APPICON_NAME = AppIcon;
				CODE_SIGN_STYLE = Automatic;
				DEVELOPMENT_TEAM = 8RYHZQ93KG;
				INFOPLIST_FILE = "mvp-prac/Info.plist";
				IPHONEOS_DEPLOYMENT_TARGET = 10.0;
				LD_RUNPATH_SEARCH_PATHS = "$(inherited) @executable_path/Frameworks";
				PRODUCT_BUNDLE_IDENTIFIER = "swift-1.mvp-prac";
				PRODUCT_NAME = "$(TARGET_NAME)";
				SWIFT_VERSION = 4.0;
				TARGETED_DEVICE_FAMILY = "1,2";
			};
			name = Release;
		};
		17FF03CF1F7BF2080010FF72 /* Debug */ = {
			isa = XCBuildConfiguration;
			buildSettings = {
				ALWAYS_EMBED_SWIFT_STANDARD_LIBRARIES = YES;
				BUNDLE_LOADER = "$(TEST_HOST)";
				CODE_SIGN_STYLE = Automatic;
				DEVELOPMENT_TEAM = 8RYHZQ93KG;
				INFOPLIST_FILE = "mvp-pracTests/Info.plist";
				LD_RUNPATH_SEARCH_PATHS = "$(inherited) @executable_path/Frameworks @loader_path/Frameworks";
				PRODUCT_BUNDLE_IDENTIFIER = "swift-1.mvp-pracTests";
				PRODUCT_NAME = "$(TARGET_NAME)";
				SWIFT_VERSION = 4.0;
				TARGETED_DEVICE_FAMILY = "1,2";
				TEST_HOST = "$(BUILT_PRODUCTS_DIR)/mvp-prac.app/mvp-prac";
			};
			name = Debug;
		};
		17FF03D01F7BF2080010FF72 /* Release */ = {
			isa = XCBuildConfiguration;
			buildSettings = {
				ALWAYS_EMBED_SWIFT_STANDARD_LIBRARIES = YES;
				BUNDLE_LOADER = "$(TEST_HOST)";
				CODE_SIGN_STYLE = Automatic;
				DEVELOPMENT_TEAM = 8RYHZQ93KG;
				INFOPLIST_FILE = "mvp-pracTests/Info.plist";
				LD_RUNPATH_SEARCH_PATHS = "$(inherited) @executable_path/Frameworks @loader_path/Frameworks";
				PRODUCT_BUNDLE_IDENTIFIER = "swift-1.mvp-pracTests";
				PRODUCT_NAME = "$(TARGET_NAME)";
				SWIFT_VERSION = 4.0;
				TARGETED_DEVICE_FAMILY = "1,2";
				TEST_HOST = "$(BUILT_PRODUCTS_DIR)/mvp-prac.app/mvp-prac";
			};
			name = Release;
		};
		17FF03D21F7BF2080010FF72 /* Debug */ = {
			isa = XCBuildConfiguration;
			buildSettings = {
				ALWAYS_EMBED_SWIFT_STANDARD_LIBRARIES = YES;
				CODE_SIGN_STYLE = Automatic;
				DEVELOPMENT_TEAM = 8RYHZQ93KG;
				INFOPLIST_FILE = "mvp-pracUITests/Info.plist";
				LD_RUNPATH_SEARCH_PATHS = "$(inherited) @executable_path/Frameworks @loader_path/Frameworks";
				PRODUCT_BUNDLE_IDENTIFIER = "swift-1.mvp-pracUITests";
				PRODUCT_NAME = "$(TARGET_NAME)";
				SWIFT_VERSION = 4.0;
				TARGETED_DEVICE_FAMILY = "1,2";
				TEST_TARGET_NAME = "mvp-prac";
			};
			name = Debug;
		};
		17FF03D31F7BF2080010FF72 /* Release */ = {
			isa = XCBuildConfiguration;
			buildSettings = {
				ALWAYS_EMBED_SWIFT_STANDARD_LIBRARIES = YES;
				CODE_SIGN_STYLE = Automatic;
				DEVELOPMENT_TEAM = 8RYHZQ93KG;
				INFOPLIST_FILE = "mvp-pracUITests/Info.plist";
				LD_RUNPATH_SEARCH_PATHS = "$(inherited) @executable_path/Frameworks @loader_path/Frameworks";
				PRODUCT_BUNDLE_IDENTIFIER = "swift-1.mvp-pracUITests";
				PRODUCT_NAME = "$(TARGET_NAME)";
				SWIFT_VERSION = 4.0;
				TARGETED_DEVICE_FAMILY = "1,2";
				TEST_TARGET_NAME = "mvp-prac";
			};
			name = Release;
		};
/* End XCBuildConfiguration section */

/* Begin XCConfigurationList section */
		17FF039E1F7BF2080010FF72 /* Build configuration list for PBXProject "mvp-prac" */ = {
			isa = XCConfigurationList;
			buildConfigurations = (
				17FF03C91F7BF2080010FF72 /* Debug */,
				17FF03CA1F7BF2080010FF72 /* Release */,
			);
			defaultConfigurationIsVisible = 0;
			defaultConfigurationName = Release;
		};
		17FF03CB1F7BF2080010FF72 /* Build configuration list for PBXNativeTarget "mvp-prac" */ = {
			isa = XCConfigurationList;
			buildConfigurations = (
				17FF03CC1F7BF2080010FF72 /* Debug */,
				17FF03CD1F7BF2080010FF72 /* Release */,
			);
			defaultConfigurationIsVisible = 0;
			defaultConfigurationName = Release;
		};
		17FF03CE1F7BF2080010FF72 /* Build configuration list for PBXNativeTarget "mvp-pracTests" */ = {
			isa = XCConfigurationList;
			buildConfigurations = (
				17FF03CF1F7BF2080010FF72 /* Debug */,
				17FF03D01F7BF2080010FF72 /* Release */,
			);
			defaultConfigurationIsVisible = 0;
			defaultConfigurationName = Release;
		};
		17FF03D11F7BF2080010FF72 /* Build configuration list for PBXNativeTarget "mvp-pracUITests" */ = {
			isa = XCConfigurationList;
			buildConfigurations = (
				17FF03D21F7BF2080010FF72 /* Debug */,
				17FF03D31F7BF2080010FF72 /* Release */,
			);
			defaultConfigurationIsVisible = 0;
			defaultConfigurationName = Release;
		};
/* End XCConfigurationList section */
	};
	rootObject = 17FF039B1F7BF2080010FF72 /* Project object */;
}
